
Microsoft Visual Studio Solution File, Format Version 12.00
# Visual Studio Version 17
VisualStudioVersion = 17.10.35027.167
MinimumVisualStudioVersion = 10.0.40219.1
Project("{FAE04EC0-301F-11D3-BF4B-00C04F79EFBC}") = "eos-console-example", "eos-console-example.csproj", "{141CCDE8-6F87-4078-87AC-91B4B438FD20}"
EndProject
Global
	GlobalSection(SolutionConfigurationPlatforms) = preSolution
		Debug|Any CPU = Debug|Any CPU
		Release|Any CPU = Release|Any CPU
	EndGlobalSection
	GlobalSection(ProjectConfigurationPlatforms) = postSolution
		{141CCDE8-6F87-4078-87AC-91B4B438FD20}.Debug|Any CPU.ActiveCfg = Debug|Any CPU
		{141CCDE8-6F87-4078-87AC-91B4B438FD20}.Debug|Any CPU.Build.0 = Debug|Any CPU
		{141CCDE8-6F87-4078-87AC-91B4B438FD20}.Release|Any CPU.ActiveCfg = Release|Any CPU
		{141CCDE8-6F87-4078-87AC-91B4B438FD20}.Release|Any CPU.Build.0 = Release|Any CPU
	EndGlobalSection
	GlobalSection(SolutionProperties) = preSolution
		HideSolutionNode = FALSE
	EndGlobalSection
	GlobalSection(ExtensibilityGlobals) = postSolution
		SolutionGuid = {BBC25330-315E-49A9-B424-60354F5DC0BF}
	EndGlobalSection
EndGlobal
